// !$*UTF8*$!
{
	archiveVersion = 1;
	classes = {
	};
	objectVersion = 55;
	objects = {

/* Begin PBXBuildFile section */
		C8508A5828BE520000DCF8F3 /* AppDelegate.swift in Sources */ = {isa = PBXBuildFile; fileRef = C8508A5728BE520000DCF8F3 /* AppDelegate.swift */; };
		C8508A5A28BE520000DCF8F3 /* SceneDelegate.swift in Sources */ = {isa = PBXBuildFile; fileRef = C8508A5928BE520000DCF8F3 /* SceneDelegate.swift */; };
		C8508A5C28BE520000DCF8F3 /* ViewController.swift in Sources */ = {isa = PBXBuildFile; fileRef = C8508A5B28BE520000DCF8F3 /* ViewController.swift */; };
		C8508A5F28BE520000DCF8F3 /* Main.storyboard in Resources */ = {isa = PBXBuildFile; fileRef = C8508A5D28BE520000DCF8F3 /* Main.storyboard */; };
		C8508A6128BE520300DCF8F3 /* Assets.xcassets in Resources */ = {isa = PBXBuildFile; fileRef = C8508A6028BE520300DCF8F3 /* Assets.xcassets */; };
		C8508A6428BE520300DCF8F3 /* LaunchScreen.storyboard in Resources */ = {isa = PBXBuildFile; fileRef = C8508A6228BE520300DCF8F3 /* LaunchScreen.storyboard */; };
		C8508A6C28BE53FF00DCF8F3 /* QuizViewController.swift in Sources */ = {isa = PBXBuildFile; fileRef = C8508A6B28BE53FF00DCF8F3 /* QuizViewController.swift */; };
		C8508A6E28BE54F800DCF8F3 /* ScoreViewController.swift in Sources */ = {isa = PBXBuildFile; fileRef = C8508A6D28BE54F800DCF8F3 /* ScoreViewController.swift */; };
		C850DF0D2913B9FB0021CF1D /* quiz.csv in Resources */ = {isa = PBXBuildFile; fileRef = C850DF0C2913B9FA0021CF1D /* quiz.csv */; };
		C85237DE293C4B2D005BB0BC /* correct.png in Resources */ = {isa = PBXBuildFile; fileRef = C85237DC293C4B2D005BB0BC /* correct.png */; };
		C85237DF293C4B2D005BB0BC /* incorrect.png in Resources */ = {isa = PBXBuildFile; fileRef = C85237DD293C4B2D005BB0BC /* incorrect.png */; };
/* End PBXBuildFile section */

/* Begin PBXFileReference section */
		C8508A5428BE520000DCF8F3 /* AZ-900.app */ = {isa = PBXFileReference; explicitFileType = wrapper.application; includeInIndex = 0; path = "AZ-900.app"; sourceTree = BUILT_PRODUCTS_DIR; };
		C8508A5728BE520000DCF8F3 /* AppDelegate.swift */ = {isa = PBXFileReference; lastKnownFileType = sourcecode.swift; path = AppDelegate.swift; sourceTree = "<group>"; };
		C8508A5928BE520000DCF8F3 /* SceneDelegate.swift */ = {isa = PBXFileReference; lastKnownFileType = sourcecode.swift; path = SceneDelegate.swift; sourceTree = "<group>"; };
		C8508A5B28BE520000DCF8F3 /* ViewController.swift */ = {isa = PBXFileReference; lastKnownFileType = sourcecode.swift; path = ViewController.swift; sourceTree = "<group>"; };
		C8508A5E28BE520000DCF8F3 /* Base */ = {isa = PBXFileReference; lastKnownFileType = file.storyboard; name = Base; path = Base.lproj/Main.storyboard; sourceTree = "<group>"; };
		C8508A6028BE520300DCF8F3 /* Assets.xcassets */ = {isa = PBXFileReference; lastKnownFileType = folder.assetcatalog; path = Assets.xcassets; sourceTree = "<group>"; };
		C8508A6328BE520300DCF8F3 /* Base */ = {isa = PBXFileReference; lastKnownFileType = file.storyboard; name = Base; path = Base.lproj/LaunchScreen.storyboard; sourceTree = "<group>"; };
		C8508A6528BE520300DCF8F3 /* Info.plist */ = {isa = PBXFileReference; lastKnownFileType = text.plist.xml; path = Info.plist; sourceTree = "<group>"; };
		C8508A6B28BE53FF00DCF8F3 /* QuizViewController.swift */ = {isa = PBXFileReference; lastKnownFileType = sourcecode.swift; path = QuizViewController.swift; sourceTree = "<group>"; };
		C8508A6D28BE54F800DCF8F3 /* ScoreViewController.swift */ = {isa = PBXFileReference; lastKnownFileType = sourcecode.swift; path = ScoreViewController.swift; sourceTree = "<group>"; };
		C850DF0C2913B9FA0021CF1D /* quiz.csv */ = {isa = PBXFileReference; lastKnownFileType = text; path = quiz.csv; sourceTree = "<group>"; };
		C85237DC293C4B2D005BB0BC /* correct.png */ = {isa = PBXFileReference; lastKnownFileType = image.png; path = correct.png; sourceTree = "<group>"; };
		C85237DD293C4B2D005BB0BC /* incorrect.png */ = {isa = PBXFileReference; lastKnownFileType = image.png; path = incorrect.png; sourceTree = "<group>"; };
/* End PBXFileReference section */

/* Begin PBXFrameworksBuildPhase section */
		C8508A5128BE520000DCF8F3 /* Frameworks */ = {
			isa = PBXFrameworksBuildPhase;
			buildActionMask = 2147483647;
			files = (
			);
			runOnlyForDeploymentPostprocessing = 0;
		};
/* End PBXFrameworksBuildPhase section */

/* Begin PBXGroup section */
		C8508A4B28BE520000DCF8F3 = {
			isa = PBXGroup;
			children = (
				C8508A5628BE520000DCF8F3 /* AZ-900 */,
				C8508A5528BE520000DCF8F3 /* Products */,
			);
			sourceTree = "<group>";
		};
		C8508A5528BE520000DCF8F3 /* Products */ = {
			isa = PBXGroup;
			children = (
				C8508A5428BE520000DCF8F3 /* AZ-900.app */,
			);
			name = Products;
			sourceTree = "<group>";
		};
		C8508A5628BE520000DCF8F3 /* AZ-900 */ = {
			isa = PBXGroup;
			children = (
				C8508A5728BE520000DCF8F3 /* AppDelegate.swift */,
				C8508A5928BE520000DCF8F3 /* SceneDelegate.swift */,
				C8508A5B28BE520000DCF8F3 /* ViewController.swift */,
				C8508A5D28BE520000DCF8F3 /* Main.storyboard */,
				C8508A6D28BE54F800DCF8F3 /* ScoreViewController.swift */,
				C8508A6B28BE53FF00DCF8F3 /* QuizViewController.swift */,
				C850DF0C2913B9FA0021CF1D /* quiz.csv */,
				C8508A6028BE520300DCF8F3 /* Assets.xcassets */,
				C8508A6228BE520300DCF8F3 /* LaunchScreen.storyboard */,
				C8508A6528BE520300DCF8F3 /* Info.plist */,
				C85237DB293C4B2D005BB0BC /* image */,
			);
			path = "AZ-900";
			sourceTree = "<group>";
		};
		C85237DB293C4B2D005BB0BC /* image */ = {
			isa = PBXGroup;
			children = (
				C85237DC293C4B2D005BB0BC /* correct.png */,
				C85237DD293C4B2D005BB0BC /* incorrect.png */,
			);
			name = image;
			path = ../../../Downloads/image;
			sourceTree = "<group>";
		};
/* End PBXGroup section */

/* Begin PBXNativeTarget section */
		C8508A5328BE520000DCF8F3 /* AZ-900 */ = {
			isa = PBXNativeTarget;
			buildConfigurationList = C8508A6828BE520300DCF8F3 /* Build configuration list for PBXNativeTarget "AZ-900" */;
			buildPhases = (
				C8508A5028BE520000DCF8F3 /* Sources */,
				C8508A5128BE520000DCF8F3 /* Frameworks */,
				C8508A5228BE520000DCF8F3 /* Resources */,
			);
			buildRules = (
			);
			dependencies = (
			);
			name = "AZ-900";
			productName = "AZ-900";
			productReference = C8508A5428BE520000DCF8F3 /* AZ-900.app */;
			productType = "com.apple.product-type.application";
		};
/* End PBXNativeTarget section */

/* Begin PBXProject section */
		C8508A4C28BE520000DCF8F3 /* Project object */ = {
			isa = PBXProject;
			attributes = {
				BuildIndependentTargetsInParallel = 1;
				LastSwiftUpdateCheck = 1340;
				LastUpgradeCheck = 1340;
				TargetAttributes = {
					C8508A5328BE520000DCF8F3 = {
						CreatedOnToolsVersion = 13.4.1;
					};
				};
			};
			buildConfigurationList = C8508A4F28BE520000DCF8F3 /* Build configuration list for PBXProject "AZ-900" */;
			compatibilityVersion = "Xcode 13.0";
			developmentRegion = en;
			hasScannedForEncodings = 0;
			knownRegions = (
				en,
				Base,
			);
			mainGroup = C8508A4B28BE520000DCF8F3;
			productRefGroup = C8508A5528BE520000DCF8F3 /* Products */;
			projectDirPath = "";
			projectRoot = "";
			targets = (
				C8508A5328BE520000DCF8F3 /* AZ-900 */,
			);
		};
/* End PBXProject section */

/* Begin PBXResourcesBuildPhase section */
		C8508A5228BE520000DCF8F3 /* Resources */ = {
			isa = PBXResourcesBuildPhase;
			buildActionMask = 2147483647;
			files = (
				C85237DE293C4B2D005BB0BC /* correct.png in Resources */,
				C85237DF293C4B2D005BB0BC /* incorrect.png in Resources */,
				C8508A6428BE520300DCF8F3 /* LaunchScreen.storyboard in Resources */,
				C8508A6128BE520300DCF8F3 /* Assets.xcassets in Resources */,
				C8508A5F28BE520000DCF8F3 /* Main.storyboard in Resources */,
				C850DF0D2913B9FB0021CF1D /* quiz.csv in Resources */,
			);
			runOnlyForDeploymentPostprocessing = 0;
		};
/* End PBXResourcesBuildPhase section */

/* Begin PBXSourcesBuildPhase section */
		C8508A5028BE520000DCF8F3 /* Sources */ = {
			isa = PBXSourcesBuildPhase;
			buildActionMask = 2147483647;
			files = (
				C8508A5C28BE520000DCF8F3 /* ViewController.swift in Sources */,
				C8508A5828BE520000DCF8F3 /* AppDelegate.swift in Sources */,
				C8508A6E28BE54F800DCF8F3 /* ScoreViewController.swift in Sources */,
				C8508A6C28BE53FF00DCF8F3 /* QuizViewController.swift in Sources */,
				C8508A5A28BE520000DCF8F3 /* SceneDelegate.swift in Sources */,
			);
			runOnlyForDeploymentPostprocessing = 0;
		};
/* End PBXSourcesBuildPhase section */

/* Begin PBXVariantGroup section */
		C8508A5D28BE520000DCF8F3 /* Main.storyboard */ = {
			isa = PBXVariantGroup;
			children = (
				C8508A5E28BE520000DCF8F3 /* Base */,
			);
			name = Main.storyboard;
			sourceTree = "<group>";
		};
		C8508A6228BE520300DCF8F3 /* LaunchScreen.storyboard */ = {
			isa = PBXVariantGroup;
			children = (
				C8508A6328BE520300DCF8F3 /* Base */,
			);
			name = LaunchScreen.storyboard;
			sourceTree = "<group>";
		};
/* End PBXVariantGroup section */

/* Begin XCBuildConfiguration section */
		C8508A6628BE520300DCF8F3 /* Debug */ = {
			isa = XCBuildConfiguration;
			buildSettings = {
				ALWAYS_SEARCH_USER_PATHS = NO;
				CLANG_ANALYZER_NONNULL = YES;
				CLANG_ANALYZER_NUMBER_OBJECT_CONVERSION = YES_AGGRESSIVE;
				CLANG_CXX_LANGUAGE_STANDARD = "gnu++17";
				CLANG_ENABLE_MODULES = YES;
				CLANG_ENABLE_OBJC_ARC = YES;
				CLANG_ENABLE_OBJC_WEAK = YES;
				CLANG_WARN_BLOCK_CAPTURE_AUTORELEASING = YES;
				CLANG_WARN_BOOL_CONVERSION = YES;
				CLANG_WARN_COMMA = YES;
				CLANG_WARN_CONSTANT_CONVERSION = YES;
				CLANG_WARN_DEPRECATED_OBJC_IMPLEMENTATIONS = YES;
				CLANG_WARN_DIRECT_OBJC_ISA_USAGE = YES_ERROR;
				CLANG_WARN_DOCUMENTATION_COMMENTS = YES;
				CLANG_WARN_EMPTY_BODY = YES;
				CLANG_WARN_ENUM_CONVERSION = YES;
				CLANG_WARN_INFINITE_RECURSION = YES;
				CLANG_WARN_INT_CONVERSION = YES;
				CLANG_WARN_NON_LITERAL_NULL_CONVERSION = YES;
				CLANG_WARN_OBJC_IMPLICIT_RETAIN_SELF = YES;
				CLANG_WARN_OBJC_LITERAL_CONVERSION = YES;
				CLANG_WARN_OBJC_ROOT_CLASS = YES_ERROR;
				CLANG_WARN_QUOTED_INCLUDE_IN_FRAMEWORK_HEADER = YES;
				CLANG_WARN_RANGE_LOOP_ANALYSIS = YES;
				CLANG_WARN_STRICT_PROTOTYPES = YES;
				CLANG_WARN_SUSPICIOUS_MOVE = YES;
				CLANG_WARN_UNGUARDED_AVAILABILITY = YES_AGGRESSIVE;
				CLANG_WARN_UNREACHABLE_CODE = YES;
				CLANG_WARN__DUPLICATE_METHOD_MATCH = YES;
				COPY_PHASE_STRIP = NO;
				DEBUG_INFORMATION_FORMAT = dwarf;
				ENABLE_STRICT_OBJC_MSGSEND = YES;
				ENABLE_TESTABILITY = YES;
				GCC_C_LANGUAGE_STANDARD = gnu11;
				GCC_DYNAMIC_NO_PIC = NO;
				GCC_NO_COMMON_BLOCKS = YES;
				GCC_OPTIMIZATION_LEVEL = 0;
				GCC_PREPROCESSOR_DEFINITIONS = (
					"DEBUG=1",
					"$(inherited)",
				);
				GCC_WARN_64_TO_32_BIT_CONVERSION = YES;
				GCC_WARN_ABOUT_RETURN_TYPE = YES_ERROR;
				GCC_WARN_UNDECLARED_SELECTOR = YES;
				GCC_WARN_UNINITIALIZED_AUTOS = YES_AGGRESSIVE;
				GCC_WARN_UNUSED_FUNCTION = YES;
				GCC_WARN_UNUSED_VARIABLE = YES;
				IPHONEOS_DEPLOYMENT_TARGET = 15.5;
				MTL_ENABLE_DEBUG_INFO = INCLUDE_SOURCE;
				MTL_FAST_MATH = YES;
				ONLY_ACTIVE_ARCH = YES;
				SDKROOT = iphoneos;
				SWIFT_ACTIVE_COMPILATION_CONDITIONS = DEBUG;
				SWIFT_OPTIMIZATION_LEVEL = "-Onone";
			};
			name = Debug;
		};
		C8508A6728BE520300DCF8F3 /* Release */ = {
			isa = XCBuildConfiguration;
			buildSettings = {
				ALWAYS_SEARCH_USER_PATHS = NO;
				CLANG_ANALYZER_NONNULL = YES;
				CLANG_ANALYZER_NUMBER_OBJECT_CONVERSION = YES_AGGRESSIVE;
				CLANG_CXX_LANGUAGE_STANDARD = "gnu++17";
				CLANG_ENABLE_MODULES = YES;
				CLANG_ENABLE_OBJC_ARC = YES;
				CLANG_ENABLE_OBJC_WEAK = YES;
				CLANG_WARN_BLOCK_CAPTURE_AUTORELEASING = YES;
				CLANG_WARN_BOOL_CONVERSION = YES;
				CLANG_WARN_COMMA = YES;
				CLANG_WARN_CONSTANT_CONVERSION = YES;
				CLANG_WARN_DEPRECATED_OBJC_IMPLEMENTATIONS = YES;
				CLANG_WARN_DIRECT_OBJC_ISA_USAGE = YES_ERROR;
				CLANG_WARN_DOCUMENTATION_COMMENTS = YES;
				CLANG_WARN_EMPTY_BODY = YES;
				CLANG_WARN_ENUM_CONVERSION = YES;
				CLANG_WARN_INFINITE_RECURSION = YES;
				CLANG_WARN_INT_CONVERSION = YES;
				CLANG_WARN_NON_LITERAL_NULL_CONVERSION = YES;
				CLANG_WARN_OBJC_IMPLICIT_RETAIN_SELF = YES;
				CLANG_WARN_OBJC_LITERAL_CONVERSION = YES;
				CLANG_WARN_OBJC_ROOT_CLASS = YES_ERROR;
				CLANG_WARN_QUOTED_INCLUDE_IN_FRAMEWORK_HEADER = YES;
				CLANG_WARN_RANGE_LOOP_ANALYSIS = YES;
				CLANG_WARN_STRICT_PROTOTYPES = YES;
				CLANG_WARN_SUSPICIOUS_MOVE = YES;
				CLANG_WARN_UNGUARDED_AVAILABILITY = YES_AGGRESSIVE;
				CLANG_WARN_UNREACHABLE_CODE = YES;
				CLANG_WARN__DUPLICATE_METHOD_MATCH = YES;
				COPY_PHASE_STRIP = NO;
				DEBUG_INFORMATION_FORMAT = "dwarf-with-dsym";
				ENABLE_NS_ASSERTIONS = NO;
				ENABLE_STRICT_OBJC_MSGSEND = YES;
				GCC_C_LANGUAGE_STANDARD = gnu11;
				GCC_NO_COMMON_BLOCKS = YES;
				GCC_WARN_64_TO_32_BIT_CONVERSION = YES;
				GCC_WARN_ABOUT_RETURN_TYPE = YES_ERROR;
				GCC_WARN_UNDECLARED_SELECTOR = YES;
				GCC_WARN_UNINITIALIZED_AUTOS = YES_AGGRESSIVE;
				GCC_WARN_UNUSED_FUNCTION = YES;
				GCC_WARN_UNUSED_VARIABLE = YES;
				IPHONEOS_DEPLOYMENT_TARGET = 15.5;
				MTL_ENABLE_DEBUG_INFO = NO;
				MTL_FAST_MATH = YES;
				SDKROOT = iphoneos;
				SWIFT_COMPILATION_MODE = wholemodule;
				SWIFT_OPTIMIZATION_LEVEL = "-O";
				VALIDATE_PRODUCT = YES;
			};
			name = Release;
		};
		C8508A6928BE520300DCF8F3 /* Debug */ = {
			isa = XCBuildConfiguration;
			buildSettings = {
				ASSETCATALOG_COMPILER_APPICON_NAME = AppIcon;
				ASSETCATALOG_COMPILER_GLOBAL_ACCENT_COLOR_NAME = AccentColor;
				CODE_SIGN_STYLE = Automatic;
				CURRENT_PROJECT_VERSION = 1;
				DEVELOPMENT_TEAM = F96XHZ3N3C;
				GENERATE_INFOPLIST_FILE = YES;
				INFOPLIST_FILE = "AZ-900/Info.plist";
				INFOPLIST_KEY_UIApplicationSupportsIndirectInputEvents = YES;
				INFOPLIST_KEY_UILaunchStoryboardName = LaunchScreen;
				INFOPLIST_KEY_UIMainStoryboardFile = Main;
				INFOPLIST_KEY_UISupportedInterfaceOrientations_iPad = "UIInterfaceOrientationPortrait UIInterfaceOrientationPortraitUpsideDown UIInterfaceOrientationLandscapeLeft UIInterfaceOrientationLandscapeRight";
				INFOPLIST_KEY_UISupportedInterfaceOrientations_iPhone = "UIInterfaceOrientationPortrait UIInterfaceOrientationLandscapeLeft UIInterfaceOrientationLandscapeRight";
				LD_RUNPATH_SEARCH_PATHS = (
					"$(inherited)",
					"@executable_path/Frameworks",
				);
				MARKETING_VERSION = 1.0;
				PRODUCT_BUNDLE_IDENTIFIER = "com.kawamuramotoki.AZ-900";
				PRODUCT_NAME = "$(TARGET_NAME)";
				SWIFT_EMIT_LOC_STRINGS = YES;
				SWIFT_VERSION = 5.0;
				TARGETED_DEVICE_FAMILY = "1,2";
			};
			name = Debug;
		};
		C8508A6A28BE520300DCF8F3 /* Release */ = {
			isa = XCBuildConfiguration;
			buildSettings = {
				ASSETCATALOG_COMPILER_APPICON_NAME = AppIcon;
				ASSETCATALOG_COMPILER_GLOBAL_ACCENT_COLOR_NAME = AccentColor;
				CODE_SIGN_STYLE = Automatic;
				CURRENT_PROJECT_VERSION = 1;
				DEVELOPMENT_TEAM = F96XHZ3N3C;
				GENERATE_INFOPLIST_FILE = YES;
				INFOPLIST_FILE = "AZ-900/Info.plist";
				INFOPLIST_KEY_UIApplicationSupportsIndirectInputEvents = YES;
				INFOPLIST_KEY_UILaunchStoryboardName = LaunchScreen;
				INFOPLIST_KEY_UIMainStoryboardFile = Main;
				INFOPLIST_KEY_UISupportedInterfaceOrientations_iPad = "UIInterfaceOrientationPortrait UIInterfaceOrientationPortraitUpsideDown UIInterfaceOrientationLandscapeLeft UIInterfaceOrientationLandscapeRight";
				INFOPLIST_KEY_UISupportedInterfaceOrientations_iPhone = "UIInterfaceOrientationPortrait UIInterfaceOrientationLandscapeLeft UIInterfaceOrientationLandscapeRight";
				LD_RUNPATH_SEARCH_PATHS = (
					"$(inherited)",
					"@executable_path/Frameworks",
				);
				MARKETING_VERSION = 1.0;
				PRODUCT_BUNDLE_IDENTIFIER = "com.kawamuramotoki.AZ-900";
				PRODUCT_NAME = "$(TARGET_NAME)";
				SWIFT_EMIT_LOC_STRINGS = YES;
				SWIFT_VERSION = 5.0;
				TARGETED_DEVICE_FAMILY = "1,2";
			};
			name = Release;
		};
/* End XCBuildConfiguration section */

/* Begin XCConfigurationList section */
		C8508A4F28BE520000DCF8F3 /* Build configuration list for PBXProject "AZ-900" */ = {
			isa = XCConfigurationList;
			buildConfigurations = (
				C8508A6628BE520300DCF8F3 /* Debug */,
				C8508A6728BE520300DCF8F3 /* Release */,
			);
			defaultConfigurationIsVisible = 0;
			defaultConfigurationName = Release;
		};
		C8508A6828BE520300DCF8F3 /* Build configuration list for PBXNativeTarget "AZ-900" */ = {
			isa = XCConfigurationList;
			buildConfigurations = (
				C8508A6928BE520300DCF8F3 /* Debug */,
				C8508A6A28BE520300DCF8F3 /* Release */,
			);
			defaultConfigurationIsVisible = 0;
			defaultConfigurationName = Release;
		};
/* End XCConfigurationList section */
	};
	rootObject = C8508A4C28BE520000DCF8F3 /* Project object */;
}
